
Microsoft Visual Studio Solution File, Format Version 12.00
# Visual Studio Version 17
VisualStudioVersion = 17.8.34309.116
MinimumVisualStudioVersion = 10.0.40219.1
Project("{FAE04EC0-301F-11D3-BF4B-00C04F79EFBC}") = "portfolio", "portfolio\portfolio.csproj", "{9A8230B7-E135-4361-AEE4-28B355F0C07A}"
EndProject
Global
	GlobalSection(SolutionConfigurationPlatforms) = preSolution
		Debug|Any CPU = Debug|Any CPU
		Release|Any CPU = Release|Any CPU
	EndGlobalSection
	GlobalSection(ProjectConfigurationPlatforms) = postSolution
		{9A8230B7-E135-4361-AEE4-28B355F0C07A}.Debug|Any CPU.ActiveCfg = Debug|Any CPU
		{9A8230B7-E135-4361-AEE4-28B355F0C07A}.Debug|Any CPU.Build.0 = Debug|Any CPU
		{9A8230B7-E135-4361-AEE4-28B355F0C07A}.Release|Any CPU.ActiveCfg = Release|Any CPU
		{9A8230B7-E135-4361-AEE4-28B355F0C07A}.Release|Any CPU.Build.0 = Release|Any CPU
	EndGlobalSection
	GlobalSection(SolutionProperties) = preSolution
		HideSolutionNode = FALSE
	EndGlobalSection
	GlobalSection(ExtensibilityGlobals) = postSolution
		SolutionGuid = {527BD191-2E85-41D5-9C87-C66A75EEEF4E}
	EndGlobalSection
EndGlobal
